
Microsoft Visual Studio Solution File, Format Version 12.00
# Visual Studio Version 16
VisualStudioVersion = 16.0.31321.278
MinimumVisualStudioVersion = 10.0.40219.1
Project("{FAE04EC0-301F-11D3-BF4B-00C04F79EFBC}") = "LinkedIn Redesign.Android", "LinkedIn Redesign\LinkedIn Redesign.Android\LinkedIn Redesign.Android.csproj", "{5481FC8E-B22C-4248-8B6A-C76AA46074B8}"
EndProject
Project("{FAE04EC0-301F-11D3-BF4B-00C04F79EFBC}") = "LinkedIn Redesign.iOS", "LinkedIn Redesign\LinkedIn Redesign.iOS\LinkedIn Redesign.iOS.csproj", "{944D2629-DBBB-4247-AE5E-1EFC58164126}"
EndProject
Project("{FAE04EC0-301F-11D3-BF4B-00C04F79EFBC}") = "LinkedIn Redesign", "LinkedIn Redesign\LinkedIn Redesign\LinkedIn Redesign.csproj", "{4C9F77EB-CC9A-46D0-A450-0FE12D37BDC5}"
EndProject
Global
	GlobalSection(SolutionConfigurationPlatforms) = preSolution
		Debug|Any CPU = Debug|Any CPU
		Debug|iPhone = Debug|iPhone
		Debug|iPhoneSimulator = Debug|iPhoneSimulator
		Release|Any CPU = Release|Any CPU
		Release|iPhone = Release|iPhone
		Release|iPhoneSimulator = Release|iPhoneSimulator
	EndGlobalSection
	GlobalSection(ProjectConfigurationPlatforms) = postSolution
		{5481FC8E-B22C-4248-8B6A-C76AA46074B8}.Debug|Any CPU.ActiveCfg = Debug|Any CPU
		{5481FC8E-B22C-4248-8B6A-C76AA46074B8}.Debug|Any CPU.Build.0 = Debug|Any CPU
		{5481FC8E-B22C-4248-8B6A-C76AA46074B8}.Debug|Any CPU.Deploy.0 = Debug|Any CPU
		{5481FC8E-B22C-4248-8B6A-C76AA46074B8}.Debug|iPhone.ActiveCfg = Debug|Any CPU
		{5481FC8E-B22C-4248-8B6A-C76AA46074B8}.Debug|iPhone.Build.0 = Debug|Any CPU
		{5481FC8E-B22C-4248-8B6A-C76AA46074B8}.Debug|iPhone.Deploy.0 = Debug|Any CPU
		{5481FC8E-B22C-4248-8B6A-C76AA46074B8}.Debug|iPhoneSimulator.ActiveCfg = Debug|Any CPU
		{5481FC8E-B22C-4248-8B6A-C76AA46074B8}.Debug|iPhoneSimulator.Build.0 = Debug|Any CPU
		{5481FC8E-B22C-4248-8B6A-C76AA46074B8}.Debug|iPhoneSimulator.Deploy.0 = Debug|Any CPU
		{5481FC8E-B22C-4248-8B6A-C76AA46074B8}.Release|Any CPU.ActiveCfg = Release|Any CPU
		{5481FC8E-B22C-4248-8B6A-C76AA46074B8}.Release|Any CPU.Build.0 = Release|Any CPU
		{5481FC8E-B22C-4248-8B6A-C76AA46074B8}.Release|Any CPU.Deploy.0 = Release|Any CPU
		{5481FC8E-B22C-4248-8B6A-C76AA46074B8}.Release|iPhone.ActiveCfg = Release|Any CPU
		{5481FC8E-B22C-4248-8B6A-C76AA46074B8}.Release|iPhone.Build.0 = Release|Any CPU
		{5481FC8E-B22C-4248-8B6A-C76AA46074B8}.Release|iPhone.Deploy.0 = Release|Any CPU
		{5481FC8E-B22C-4248-8B6A-C76AA46074B8}.Release|iPhoneSimulator.ActiveCfg = Release|Any CPU
		{5481FC8E-B22C-4248-8B6A-C76AA46074B8}.Release|iPhoneSimulator.Build.0 = Release|Any CPU
		{5481FC8E-B22C-4248-8B6A-C76AA46074B8}.Release|iPhoneSimulator.Deploy.0 = Release|Any CPU
		{944D2629-DBBB-4247-AE5E-1EFC58164126}.Debug|Any CPU.ActiveCfg = Debug|iPhone
		{944D2629-DBBB-4247-AE5E-1EFC58164126}.Debug|Any CPU.Build.0 = Debug|iPhone
		{944D2629-DBBB-4247-AE5E-1EFC58164126}.Debug|Any CPU.Deploy.0 = Debug|iPhone
		{944D2629-DBBB-4247-AE5E-1EFC58164126}.Debug|iPhone.ActiveCfg = Debug|iPhone
		{944D2629-DBBB-4247-AE5E-1EFC58164126}.Debug|iPhone.Build.0 = Debug|iPhone
		{944D2629-DBBB-4247-AE5E-1EFC58164126}.Debug|iPhone.Deploy.0 = Debug|iPhone
		{944D2629-DBBB-4247-AE5E-1EFC58164126}.Debug|iPhoneSimulator.ActiveCfg = Debug|iPhoneSimulator
		{944D2629-DBBB-4247-AE5E-1EFC58164126}.Debug|iPhoneSimulator.Build.0 = Debug|iPhoneSimulator
		{944D2629-DBBB-4247-AE5E-1EFC58164126}.Debug|iPhoneSimulator.Deploy.0 = Debug|iPhoneSimulator
		{944D2629-DBBB-4247-AE5E-1EFC58164126}.Release|Any CPU.ActiveCfg = Release|iPhoneSimulator
		{944D2629-DBBB-4247-AE5E-1EFC58164126}.Release|Any CPU.Build.0 = Release|iPhoneSimulator
		{944D2629-DBBB-4247-AE5E-1EFC58164126}.Release|Any CPU.Deploy.0 = Release|iPhoneSimulator
		{944D2629-DBBB-4247-AE5E-1EFC58164126}.Release|iPhone.ActiveCfg = Release|iPhone
		{944D2629-DBBB-4247-AE5E-1EFC58164126}.Release|iPhone.Build.0 = Release|iPhone
		{944D2629-DBBB-4247-AE5E-1EFC58164126}.Release|iPhone.Deploy.0 = Release|iPhone
		{944D2629-DBBB-4247-AE5E-1EFC58164126}.Release|iPhoneSimulator.ActiveCfg = Release|iPhoneSimulator
		{944D2629-DBBB-4247-AE5E-1EFC58164126}.Release|iPhoneSimulator.Build.0 = Release|iPhoneSimulator
		{944D2629-DBBB-4247-AE5E-1EFC58164126}.Release|iPhoneSimulator.Deploy.0 = Release|iPhoneSimulator
		{4C9F77EB-CC9A-46D0-A450-0FE12D37BDC5}.Debug|Any CPU.ActiveCfg = Debug|Any CPU
		{4C9F77EB-CC9A-46D0-A450-0FE12D37BDC5}.Debug|Any CPU.Build.0 = Debug|Any CPU
		{4C9F77EB-CC9A-46D0-A450-0FE12D37BDC5}.Debug|Any CPU.Deploy.0 = Debug|Any CPU
		{4C9F77EB-CC9A-46D0-A450-0FE12D37BDC5}.Debug|iPhone.ActiveCfg = Debug|Any CPU
		{4C9F77EB-CC9A-46D0-A450-0FE12D37BDC5}.Debug|iPhone.Build.0 = Debug|Any CPU
		{4C9F77EB-CC9A-46D0-A450-0FE12D37BDC5}.Debug|iPhone.Deploy.0 = Debug|Any CPU
		{4C9F77EB-CC9A-46D0-A450-0FE12D37BDC5}.Debug|iPhoneSimulator.ActiveCfg = Debug|Any CPU
		{4C9F77EB-CC9A-46D0-A450-0FE12D37BDC5}.Debug|iPhoneSimulator.Build.0 = Debug|Any CPU
		{4C9F77EB-CC9A-46D0-A450-0FE12D37BDC5}.Debug|iPhoneSimulator.Deploy.0 = Debug|Any CPU
		{4C9F77EB-CC9A-46D0-A450-0FE12D37BDC5}.Release|Any CPU.ActiveCfg = Release|Any CPU
		{4C9F77EB-CC9A-46D0-A450-0FE12D37BDC5}.Release|Any CPU.Build.0 = Release|Any CPU
		{4C9F77EB-CC9A-46D0-A450-0FE12D37BDC5}.Release|Any CPU.Deploy.0 = Release|Any CPU
		{4C9F77EB-CC9A-46D0-A450-0FE12D37BDC5}.Release|iPhone.ActiveCfg = Release|Any CPU
		{4C9F77EB-CC9A-46D0-A450-0FE12D37BDC5}.Release|iPhone.Build.0 = Release|Any CPU
		{4C9F77EB-CC9A-46D0-A450-0FE12D37BDC5}.Release|iPhone.Deploy.0 = Release|Any CPU
		{4C9F77EB-CC9A-46D0-A450-0FE12D37BDC5}.Release|iPhoneSimulator.ActiveCfg = Release|Any CPU
		{4C9F77EB-CC9A-46D0-A450-0FE12D37BDC5}.Release|iPhoneSimulator.Build.0 = Release|Any CPU
		{4C9F77EB-CC9A-46D0-A450-0FE12D37BDC5}.Release|iPhoneSimulator.Deploy.0 = Release|Any CPU
	EndGlobalSection
	GlobalSection(SolutionProperties) = preSolution
		HideSolutionNode = FALSE
	EndGlobalSection
	GlobalSection(ExtensibilityGlobals) = postSolution
		SolutionGuid = {DC77F047-7EB9-4C55-B6DE-B4D95A8F6DC4}
	EndGlobalSection
EndGlobal
